
Microsoft Visual Studio Solution File, Format Version 12.00
# Visual Studio Version 17
VisualStudioVersion = 17.1.32228.430
MinimumVisualStudioVersion = 10.0.40219.1
Project("{FAE04EC0-301F-11D3-BF4B-00C04F79EFBC}") = "CustomersWebapp", "CustomersWebapp\CustomersWebapp.csproj", "{0A7EB0EF-7CF7-45C6-820C-013686CDC1AE}"
EndProject
Project("{FAE04EC0-301F-11D3-BF4B-00C04F79EFBC}") = "CustomersWebapp.Testing", "CustomersWebapp.Testing\CustomersWebapp.Testing.csproj", "{D6B05942-ECD9-4FB9-95B3-43CA959311A8}"
EndProject
Global
	GlobalSection(SolutionConfigurationPlatforms) = preSolution
		Debug|Any CPU = Debug|Any CPU
		Release|Any CPU = Release|Any CPU
	EndGlobalSection
	GlobalSection(ProjectConfigurationPlatforms) = postSolution
		{0A7EB0EF-7CF7-45C6-820C-013686CDC1AE}.Debug|Any CPU.ActiveCfg = Debug|Any CPU
		{0A7EB0EF-7CF7-45C6-820C-013686CDC1AE}.Debug|Any CPU.Build.0 = Debug|Any CPU
		{0A7EB0EF-7CF7-45C6-820C-013686CDC1AE}.Release|Any CPU.ActiveCfg = Release|Any CPU
		{0A7EB0EF-7CF7-45C6-820C-013686CDC1AE}.Release|Any CPU.Build.0 = Release|Any CPU
		{D6B05942-ECD9-4FB9-95B3-43CA959311A8}.Debug|Any CPU.ActiveCfg = Debug|Any CPU
		{D6B05942-ECD9-4FB9-95B3-43CA959311A8}.Debug|Any CPU.Build.0 = Debug|Any CPU
		{D6B05942-ECD9-4FB9-95B3-43CA959311A8}.Release|Any CPU.ActiveCfg = Release|Any CPU
		{D6B05942-ECD9-4FB9-95B3-43CA959311A8}.Release|Any CPU.Build.0 = Release|Any CPU
	EndGlobalSection
	GlobalSection(SolutionProperties) = preSolution
		HideSolutionNode = FALSE
	EndGlobalSection
	GlobalSection(ExtensibilityGlobals) = postSolution
		SolutionGuid = {EB207E10-8401-4994-BEC8-DC210E218C86}
	EndGlobalSection
EndGlobal
